
Microsoft Visual Studio Solution File, Format Version 12.00
# Visual Studio 15
VisualStudioVersion = 15.0.27130.2020
MinimumVisualStudioVersion = 10.0.40219.1
Project("{FAE04EC0-301F-11D3-BF4B-00C04F79EFBC}") = "EcmaScript.NET", "Code\EcmaScript.NET\EcmaScript.NET.csproj", "{ED3DF8AE-9541-4C95-93C5-8C417D4CBA50}"
EndProject
Project("{2150E333-8FDC-42A3-9474-1A3956D46DE8}") = "Solution Items", "Solution Items", "{042DEE9D-37BA-491B-BCF4-658A2F941B9C}"
	ProjectSection(SolutionItems) = preProject
		.gitignore = .gitignore
		appveyor.yml = appveyor.yml
		LICENSE = LICENSE
		License.txt = License.txt
		package.nuspec = package.nuspec
		readme.md = readme.md
	EndProjectSection
EndProject
Global
	GlobalSection(SolutionConfigurationPlatforms) = preSolution
		Debug|Any CPU = Debug|Any CPU
		Release|Any CPU = Release|Any CPU
	EndGlobalSection
	GlobalSection(ProjectConfigurationPlatforms) = postSolution
		{ED3DF8AE-9541-4C95-93C5-8C417D4CBA50}.Debug|Any CPU.ActiveCfg = Debug|Any CPU
		{ED3DF8AE-9541-4C95-93C5-8C417D4CBA50}.Debug|Any CPU.Build.0 = Debug|Any CPU
		{ED3DF8AE-9541-4C95-93C5-8C417D4CBA50}.Release|Any CPU.ActiveCfg = Release|Any CPU
		{ED3DF8AE-9541-4C95-93C5-8C417D4CBA50}.Release|Any CPU.Build.0 = Release|Any CPU
	EndGlobalSection
	GlobalSection(SolutionProperties) = preSolution
		HideSolutionNode = FALSE
	EndGlobalSection
	GlobalSection(ExtensibilityGlobals) = postSolution
		SolutionGuid = {048C387F-75A5-4858-9926-A3A527E37283}
	EndGlobalSection
EndGlobal
